
Microsoft Visual Studio Solution File, Format Version 12.00
# Visual Studio 2012
Project("{FAE04EC0-301F-11D3-BF4B-00C04F79EFBC}") = "CombineSortedArrays", "CombineSortedArrays\CombineSortedArrays.csproj", "{4220FC25-C24A-46A8-82A1-D3E681D40973}"
EndProject
Global
	GlobalSection(SolutionConfigurationPlatforms) = preSolution
		Debug|Any CPU = Debug|Any CPU
		Release|Any CPU = Release|Any CPU
	EndGlobalSection
	GlobalSection(ProjectConfigurationPlatforms) = postSolution
		{4220FC25-C24A-46A8-82A1-D3E681D40973}.Debug|Any CPU.ActiveCfg = Debug|Any CPU
		{4220FC25-C24A-46A8-82A1-D3E681D40973}.Debug|Any CPU.Build.0 = Debug|Any CPU
		{4220FC25-C24A-46A8-82A1-D3E681D40973}.Release|Any CPU.ActiveCfg = Release|Any CPU
		{4220FC25-C24A-46A8-82A1-D3E681D40973}.Release|Any CPU.Build.0 = Release|Any CPU
	EndGlobalSection
	GlobalSection(SolutionProperties) = preSolution
		HideSolutionNode = FALSE
	EndGlobalSection
EndGlobal
